
Microsoft Visual Studio Solution File, Format Version 12.00
Project("{FAE04EC0-301F-11D3-BF4B-00C04F79EFBC}") = "EfBenchmark", "EfBenchmark\EfBenchmark.csproj", "{AE463354-9331-4FF0-AE43-7FC8E3E59EBC}"
EndProject
Global
	GlobalSection(SolutionConfigurationPlatforms) = preSolution
		Debug|Any CPU = Debug|Any CPU
		Release|Any CPU = Release|Any CPU
	EndGlobalSection
	GlobalSection(ProjectConfigurationPlatforms) = postSolution
		{AE463354-9331-4FF0-AE43-7FC8E3E59EBC}.Debug|Any CPU.ActiveCfg = Debug|Any CPU
		{AE463354-9331-4FF0-AE43-7FC8E3E59EBC}.Debug|Any CPU.Build.0 = Debug|Any CPU
		{AE463354-9331-4FF0-AE43-7FC8E3E59EBC}.Release|Any CPU.ActiveCfg = Release|Any CPU
		{AE463354-9331-4FF0-AE43-7FC8E3E59EBC}.Release|Any CPU.Build.0 = Release|Any CPU
	EndGlobalSection
EndGlobal
